
Microsoft Visual Studio Solution File, Format Version 12.00
# Visual Studio Version 16
VisualStudioVersion = 16.0.29201.188
MinimumVisualStudioVersion = 10.0.40219.1
Project("{FAE04EC0-301F-11D3-BF4B-00C04F79EFBC}") = "EmployeeSurvey.Service", "EmployeeSurvey.Service\EmployeeSurvey.Service.csproj", "{DD92B112-9EF3-497A-A26E-B9690ED3D1A6}"
EndProject
Project("{FAE04EC0-301F-11D3-BF4B-00C04F79EFBC}") = "EmployeeSurvey.LocalizationProvider", "EmployeeSurvey.LocalizationProvider\EmployeeSurvey.LocalizationProvider.csproj", "{5505C900-0463-45E3-9B5F-1C0814A097D7}"
EndProject
Project("{FAE04EC0-301F-11D3-BF4B-00C04F79EFBC}") = "EmployeeSurvey.PresentationData", "EmployeeSurvey.PresentationData\EmployeeSurvey.PresentationData.csproj", "{FEA80050-9757-460C-BD11-CFF23F3C8114}"
EndProject
Project("{FAE04EC0-301F-11D3-BF4B-00C04F79EFBC}") = "EmployeeSurvey", "EmployeeSurvey\EmployeeSurvey.csproj", "{10F31911-6FC7-41B7-9E82-9EE10B2FF7BF}"
EndProject
Project("{FAE04EC0-301F-11D3-BF4B-00C04F79EFBC}") = "EmployeeSurvey.PersistentData", "EmployeeSurvey.PersistentData\EmployeeSurvey.PersistentData.csproj", "{A6308706-C539-438F-BA59-DEEBF5DA67AF}"
EndProject
Global
	GlobalSection(SolutionConfigurationPlatforms) = preSolution
		Debug|Any CPU = Debug|Any CPU
		Release|Any CPU = Release|Any CPU
	EndGlobalSection
	GlobalSection(ProjectConfigurationPlatforms) = postSolution
		{DD92B112-9EF3-497A-A26E-B9690ED3D1A6}.Debug|Any CPU.ActiveCfg = Debug|Any CPU
		{DD92B112-9EF3-497A-A26E-B9690ED3D1A6}.Debug|Any CPU.Build.0 = Debug|Any CPU
		{DD92B112-9EF3-497A-A26E-B9690ED3D1A6}.Release|Any CPU.ActiveCfg = Release|Any CPU
		{DD92B112-9EF3-497A-A26E-B9690ED3D1A6}.Release|Any CPU.Build.0 = Release|Any CPU
		{5505C900-0463-45E3-9B5F-1C0814A097D7}.Debug|Any CPU.ActiveCfg = Debug|Any CPU
		{5505C900-0463-45E3-9B5F-1C0814A097D7}.Debug|Any CPU.Build.0 = Debug|Any CPU
		{5505C900-0463-45E3-9B5F-1C0814A097D7}.Release|Any CPU.ActiveCfg = Release|Any CPU
		{5505C900-0463-45E3-9B5F-1C0814A097D7}.Release|Any CPU.Build.0 = Release|Any CPU
		{FEA80050-9757-460C-BD11-CFF23F3C8114}.Debug|Any CPU.ActiveCfg = Debug|Any CPU
		{FEA80050-9757-460C-BD11-CFF23F3C8114}.Debug|Any CPU.Build.0 = Debug|Any CPU
		{FEA80050-9757-460C-BD11-CFF23F3C8114}.Release|Any CPU.ActiveCfg = Release|Any CPU
		{FEA80050-9757-460C-BD11-CFF23F3C8114}.Release|Any CPU.Build.0 = Release|Any CPU
		{10F31911-6FC7-41B7-9E82-9EE10B2FF7BF}.Debug|Any CPU.ActiveCfg = Debug|Any CPU
		{10F31911-6FC7-41B7-9E82-9EE10B2FF7BF}.Debug|Any CPU.Build.0 = Debug|Any CPU
		{10F31911-6FC7-41B7-9E82-9EE10B2FF7BF}.Release|Any CPU.ActiveCfg = Release|Any CPU
		{10F31911-6FC7-41B7-9E82-9EE10B2FF7BF}.Release|Any CPU.Build.0 = Release|Any CPU
		{A6308706-C539-438F-BA59-DEEBF5DA67AF}.Debug|Any CPU.ActiveCfg = Debug|Any CPU
		{A6308706-C539-438F-BA59-DEEBF5DA67AF}.Debug|Any CPU.Build.0 = Debug|Any CPU
		{A6308706-C539-438F-BA59-DEEBF5DA67AF}.Release|Any CPU.ActiveCfg = Release|Any CPU
		{A6308706-C539-438F-BA59-DEEBF5DA67AF}.Release|Any CPU.Build.0 = Release|Any CPU
	EndGlobalSection
	GlobalSection(SolutionProperties) = preSolution
		HideSolutionNode = FALSE
	EndGlobalSection
	GlobalSection(ExtensibilityGlobals) = postSolution
		SolutionGuid = {8E6DE7CD-E92A-4CE4-9C03-6ABF99658584}
	EndGlobalSection
EndGlobal
