
Microsoft Visual Studio Solution File, Format Version 12.00
# Visual Studio Version 16
VisualStudioVersion = 16.0.29201.188
MinimumVisualStudioVersion = 10.0.40219.1
Project("{FAE04EC0-301F-11D3-BF4B-00C04F79EFBC}") = "EmployeeSurvey.MVC", "EmployeeSurvey.MVC\EmployeeSurvey.MVC.csproj", "{13BAFD43-CFD4-4AA7-882B-32240E54752E}"
EndProject
Project("{FAE04EC0-301F-11D3-BF4B-00C04F79EFBC}") = "EmployeeSurvey.Service", "EmployeeSurvey.Service\EmployeeSurvey.Service.csproj", "{DD92B112-9EF3-497A-A26E-B9690ED3D1A6}"
EndProject
Global
	GlobalSection(SolutionConfigurationPlatforms) = preSolution
		Debug|Any CPU = Debug|Any CPU
		Release|Any CPU = Release|Any CPU
	EndGlobalSection
	GlobalSection(ProjectConfigurationPlatforms) = postSolution
		{13BAFD43-CFD4-4AA7-882B-32240E54752E}.Debug|Any CPU.ActiveCfg = Debug|Any CPU
		{13BAFD43-CFD4-4AA7-882B-32240E54752E}.Debug|Any CPU.Build.0 = Debug|Any CPU
		{13BAFD43-CFD4-4AA7-882B-32240E54752E}.Release|Any CPU.ActiveCfg = Release|Any CPU
		{13BAFD43-CFD4-4AA7-882B-32240E54752E}.Release|Any CPU.Build.0 = Release|Any CPU
		{DD92B112-9EF3-497A-A26E-B9690ED3D1A6}.Debug|Any CPU.ActiveCfg = Debug|Any CPU
		{DD92B112-9EF3-497A-A26E-B9690ED3D1A6}.Debug|Any CPU.Build.0 = Debug|Any CPU
		{DD92B112-9EF3-497A-A26E-B9690ED3D1A6}.Release|Any CPU.ActiveCfg = Release|Any CPU
		{DD92B112-9EF3-497A-A26E-B9690ED3D1A6}.Release|Any CPU.Build.0 = Release|Any CPU
	EndGlobalSection
	GlobalSection(SolutionProperties) = preSolution
		HideSolutionNode = FALSE
	EndGlobalSection
	GlobalSection(ExtensibilityGlobals) = postSolution
		SolutionGuid = {8E6DE7CD-E92A-4CE4-9C03-6ABF99658584}
	EndGlobalSection
EndGlobal
